
Microsoft Visual Studio Solution File, Format Version 12.00
# Visual Studio 2013
VisualStudioVersion = 12.0.21005.1
MinimumVisualStudioVersion = 10.0.40219.1
Project("{FAE04EC0-301F-11D3-BF4B-00C04F79EFBC}") = "1.YearLeap", "1.YearLeap\1.YearLeap.csproj", "{15C4E347-6BA7-45C5-95F0-B5115652D31C}"
EndProject
Project("{FAE04EC0-301F-11D3-BF4B-00C04F79EFBC}") = "2.GenerateRandomNumbers", "2.GenerateRandomNumbers\2.GenerateRandomNumbers.csproj", "{222388BD-97FE-49C4-BC25-4ACBD1CD82DC}"
EndProject
Project("{FAE04EC0-301F-11D3-BF4B-00C04F79EFBC}") = "3.DayOfWeeks", "3.DayOfWeeks\3.DayOfWeeks.csproj", "{0F941E91-BA29-4C40-BB2F-F4B211D36038}"
EndProject
Project("{FAE04EC0-301F-11D3-BF4B-00C04F79EFBC}") = "4.CalculateTriangle", "4.CalculateTriangle\4.CalculateTriangle.csproj", "{5E468FF9-10BA-4F6E-95C2-22984C2E23E8}"
EndProject
Project("{FAE04EC0-301F-11D3-BF4B-00C04F79EFBC}") = "6.CalculateStringNumber", "6.CalculateStringNumber\6.CalculateStringNumber.csproj", "{2AEA3718-04D5-4175-8045-3F4A0CB63AD0}"
EndProject
Project("{FAE04EC0-301F-11D3-BF4B-00C04F79EFBC}") = "5.WorkDays", "5.WorkDays\5.WorkDays.csproj", "{B5D0D56E-93E1-4095-B274-E99687E1C301}"
EndProject
Global
	GlobalSection(SolutionConfigurationPlatforms) = preSolution
		Debug|Any CPU = Debug|Any CPU
		Release|Any CPU = Release|Any CPU
	EndGlobalSection
	GlobalSection(ProjectConfigurationPlatforms) = postSolution
		{15C4E347-6BA7-45C5-95F0-B5115652D31C}.Debug|Any CPU.ActiveCfg = Debug|Any CPU
		{15C4E347-6BA7-45C5-95F0-B5115652D31C}.Debug|Any CPU.Build.0 = Debug|Any CPU
		{15C4E347-6BA7-45C5-95F0-B5115652D31C}.Release|Any CPU.ActiveCfg = Release|Any CPU
		{15C4E347-6BA7-45C5-95F0-B5115652D31C}.Release|Any CPU.Build.0 = Release|Any CPU
		{222388BD-97FE-49C4-BC25-4ACBD1CD82DC}.Debug|Any CPU.ActiveCfg = Debug|Any CPU
		{222388BD-97FE-49C4-BC25-4ACBD1CD82DC}.Debug|Any CPU.Build.0 = Debug|Any CPU
		{222388BD-97FE-49C4-BC25-4ACBD1CD82DC}.Release|Any CPU.ActiveCfg = Release|Any CPU
		{222388BD-97FE-49C4-BC25-4ACBD1CD82DC}.Release|Any CPU.Build.0 = Release|Any CPU
		{0F941E91-BA29-4C40-BB2F-F4B211D36038}.Debug|Any CPU.ActiveCfg = Debug|Any CPU
		{0F941E91-BA29-4C40-BB2F-F4B211D36038}.Debug|Any CPU.Build.0 = Debug|Any CPU
		{0F941E91-BA29-4C40-BB2F-F4B211D36038}.Release|Any CPU.ActiveCfg = Release|Any CPU
		{0F941E91-BA29-4C40-BB2F-F4B211D36038}.Release|Any CPU.Build.0 = Release|Any CPU
		{5E468FF9-10BA-4F6E-95C2-22984C2E23E8}.Debug|Any CPU.ActiveCfg = Debug|Any CPU
		{5E468FF9-10BA-4F6E-95C2-22984C2E23E8}.Debug|Any CPU.Build.0 = Debug|Any CPU
		{5E468FF9-10BA-4F6E-95C2-22984C2E23E8}.Release|Any CPU.ActiveCfg = Release|Any CPU
		{5E468FF9-10BA-4F6E-95C2-22984C2E23E8}.Release|Any CPU.Build.0 = Release|Any CPU
		{2AEA3718-04D5-4175-8045-3F4A0CB63AD0}.Debug|Any CPU.ActiveCfg = Debug|Any CPU
		{2AEA3718-04D5-4175-8045-3F4A0CB63AD0}.Debug|Any CPU.Build.0 = Debug|Any CPU
		{2AEA3718-04D5-4175-8045-3F4A0CB63AD0}.Release|Any CPU.ActiveCfg = Release|Any CPU
		{2AEA3718-04D5-4175-8045-3F4A0CB63AD0}.Release|Any CPU.Build.0 = Release|Any CPU
		{B5D0D56E-93E1-4095-B274-E99687E1C301}.Debug|Any CPU.ActiveCfg = Debug|Any CPU
		{B5D0D56E-93E1-4095-B274-E99687E1C301}.Debug|Any CPU.Build.0 = Debug|Any CPU
		{B5D0D56E-93E1-4095-B274-E99687E1C301}.Release|Any CPU.ActiveCfg = Release|Any CPU
		{B5D0D56E-93E1-4095-B274-E99687E1C301}.Release|Any CPU.Build.0 = Release|Any CPU
	EndGlobalSection
	GlobalSection(SolutionProperties) = preSolution
		HideSolutionNode = FALSE
	EndGlobalSection
EndGlobal
